
Microsoft Visual Studio Solution File, Format Version 12.00
# Visual Studio Version 16
VisualStudioVersion = 16.0.30011.22
MinimumVisualStudioVersion = 10.0.40219.1
Project("{FAE04EC0-301F-11D3-BF4B-00C04F79EFBC}") = "Server", "Server\Server.csproj", "{49118176-EF04-4CBB-9C81-90270ED28AB4}"
EndProject
Project("{FAE04EC0-301F-11D3-BF4B-00C04F79EFBC}") = "Client", "Client\Client.csproj", "{47C5FB8B-8C69-4092-B659-5F6E9FF7566C}"
EndProject
Project("{FAE04EC0-301F-11D3-BF4B-00C04F79EFBC}") = "CommonClasses", "CommonClasses\CommonClasses.csproj", "{7D9A7B2A-9455-4C2F-8702-699B7E33D4A7}"
EndProject
Global
	GlobalSection(SolutionConfigurationPlatforms) = preSolution
		Debug|Any CPU = Debug|Any CPU
		Release|Any CPU = Release|Any CPU
	EndGlobalSection
	GlobalSection(ProjectConfigurationPlatforms) = postSolution
		{49118176-EF04-4CBB-9C81-90270ED28AB4}.Debug|Any CPU.ActiveCfg = Debug|Any CPU
		{49118176-EF04-4CBB-9C81-90270ED28AB4}.Debug|Any CPU.Build.0 = Debug|Any CPU
		{49118176-EF04-4CBB-9C81-90270ED28AB4}.Release|Any CPU.ActiveCfg = Release|Any CPU
		{49118176-EF04-4CBB-9C81-90270ED28AB4}.Release|Any CPU.Build.0 = Release|Any CPU
		{47C5FB8B-8C69-4092-B659-5F6E9FF7566C}.Debug|Any CPU.ActiveCfg = Debug|Any CPU
		{47C5FB8B-8C69-4092-B659-5F6E9FF7566C}.Debug|Any CPU.Build.0 = Debug|Any CPU
		{47C5FB8B-8C69-4092-B659-5F6E9FF7566C}.Release|Any CPU.ActiveCfg = Release|Any CPU
		{47C5FB8B-8C69-4092-B659-5F6E9FF7566C}.Release|Any CPU.Build.0 = Release|Any CPU
		{7D9A7B2A-9455-4C2F-8702-699B7E33D4A7}.Debug|Any CPU.ActiveCfg = Debug|Any CPU
		{7D9A7B2A-9455-4C2F-8702-699B7E33D4A7}.Debug|Any CPU.Build.0 = Debug|Any CPU
		{7D9A7B2A-9455-4C2F-8702-699B7E33D4A7}.Release|Any CPU.ActiveCfg = Release|Any CPU
		{7D9A7B2A-9455-4C2F-8702-699B7E33D4A7}.Release|Any CPU.Build.0 = Release|Any CPU
	EndGlobalSection
	GlobalSection(SolutionProperties) = preSolution
		HideSolutionNode = FALSE
	EndGlobalSection
	GlobalSection(ExtensibilityGlobals) = postSolution
		SolutionGuid = {CE1175A3-2964-4996-B592-0FB06A6142C3}
	EndGlobalSection
EndGlobal
